{
  "name": "exercise_002",
  "version": "1.0.0",
  "lockfileVersion": 1,
  "requires": true,
  "dependencies": {
    "commander": {
      "version": "3.0.0",
      "resolved": "https://registry.npmjs.org/commander/-/commander-3.0.0.tgz",
      "integrity": "sha512-pl3QrGOBa9RZaslQiqnnKX2J068wcQw7j9AIaBQ9/JEp5RY6je4jKTImg0Bd+rpoONSe7GUFSgkxLeo17m3Pow=="
    },
    "glob-to-regexp": {
      "version": "0.4.1",
      "resolved": "https://registry.npmjs.org/glob-to-regexp/-/glob-to-regexp-0.4.1.tgz",
      "integrity": "sha512-lkX1HJXwyMcprw/5YUZc2s7DrpAiHB21/V+E1rHUrVNokkvB6bqMzT0VfV6/86ZNabt1k14YOIaT7nDvOX3Iiw=="
    }
  }
}
